
Microsoft Visual Studio Solution File, Format Version 12.00
# Visual Studio Version 17
VisualStudioVersion = 17.5.33424.131
MinimumVisualStudioVersion = 10.0.40219.1
Project("{9A19103F-16F7-4668-BE54-9A1E7A4F7556}") = "Collini.GestioneInterventi.WebApi", "Collini.GestioneInterventi.WebApi\Collini.GestioneInterventi.WebApi.csproj", "{1D29021C-274A-4171-9A27-0CA999B43FE8}"
EndProject
Project("{9A19103F-16F7-4668-BE54-9A1E7A4F7556}") = "Collini.GestioneInterventi.Domain", "Collini.GestioneInterventi.Domain\Collini.GestioneInterventi.Domain.csproj", "{AEE256B5-774F-4B6E-8D57-516D3014B1E1}"
EndProject
Project("{FAE04EC0-301F-11D3-BF4B-00C04F79EFBC}") = "Collini.GestioneInterventi.Framework", "Collini.GestioneInterventi.Framework\Collini.GestioneInterventi.Framework.csproj", "{DC90C06D-03B4-4308-94BB-547D52DBDC50}"
EndProject
Project("{FAE04EC0-301F-11D3-BF4B-00C04F79EFBC}") = "Collini.GestioneInterventi.Dal", "Collini.GestioneInterventi.Dal\Collini.GestioneInterventi.Dal.csproj", "{850AA437-AD48-4535-B492-4DDA1FC14AB1}"
EndProject
Project("{FAE04EC0-301F-11D3-BF4B-00C04F79EFBC}") = "Collini.GestioneInterventi.Application", "Collini.GestioneInterventi.Application\Collini.GestioneInterventi.Application.csproj", "{2F12B5B5-94D6-4220-82A7-DDAE6A3BD7B2}"
EndProject
Global
	GlobalSection(SolutionConfigurationPlatforms) = preSolution
		Debug|Any CPU = Debug|Any CPU
		Release|Any CPU = Release|Any CPU
	EndGlobalSection
	GlobalSection(ProjectConfigurationPlatforms) = postSolution
		{1D29021C-274A-4171-9A27-0CA999B43FE8}.Debug|Any CPU.ActiveCfg = Debug|Any CPU
		{1D29021C-274A-4171-9A27-0CA999B43FE8}.Debug|Any CPU.Build.0 = Debug|Any CPU
		{1D29021C-274A-4171-9A27-0CA999B43FE8}.Release|Any CPU.ActiveCfg = Release|Any CPU
		{1D29021C-274A-4171-9A27-0CA999B43FE8}.Release|Any CPU.Build.0 = Release|Any CPU
		{AEE256B5-774F-4B6E-8D57-516D3014B1E1}.Debug|Any CPU.ActiveCfg = Debug|Any CPU
		{AEE256B5-774F-4B6E-8D57-516D3014B1E1}.Debug|Any CPU.Build.0 = Debug|Any CPU
		{AEE256B5-774F-4B6E-8D57-516D3014B1E1}.Release|Any CPU.ActiveCfg = Release|Any CPU
		{AEE256B5-774F-4B6E-8D57-516D3014B1E1}.Release|Any CPU.Build.0 = Release|Any CPU
		{DC90C06D-03B4-4308-94BB-547D52DBDC50}.Debug|Any CPU.ActiveCfg = Debug|Any CPU
		{DC90C06D-03B4-4308-94BB-547D52DBDC50}.Debug|Any CPU.Build.0 = Debug|Any CPU
		{DC90C06D-03B4-4308-94BB-547D52DBDC50}.Release|Any CPU.ActiveCfg = Release|Any CPU
		{DC90C06D-03B4-4308-94BB-547D52DBDC50}.Release|Any CPU.Build.0 = Release|Any CPU
		{850AA437-AD48-4535-B492-4DDA1FC14AB1}.Debug|Any CPU.ActiveCfg = Debug|Any CPU
		{850AA437-AD48-4535-B492-4DDA1FC14AB1}.Debug|Any CPU.Build.0 = Debug|Any CPU
		{850AA437-AD48-4535-B492-4DDA1FC14AB1}.Release|Any CPU.ActiveCfg = Release|Any CPU
		{850AA437-AD48-4535-B492-4DDA1FC14AB1}.Release|Any CPU.Build.0 = Release|Any CPU
		{2F12B5B5-94D6-4220-82A7-DDAE6A3BD7B2}.Debug|Any CPU.ActiveCfg = Debug|Any CPU
		{2F12B5B5-94D6-4220-82A7-DDAE6A3BD7B2}.Debug|Any CPU.Build.0 = Debug|Any CPU
		{2F12B5B5-94D6-4220-82A7-DDAE6A3BD7B2}.Release|Any CPU.ActiveCfg = Release|Any CPU
		{2F12B5B5-94D6-4220-82A7-DDAE6A3BD7B2}.Release|Any CPU.Build.0 = Release|Any CPU
	EndGlobalSection
	GlobalSection(SolutionProperties) = preSolution
		HideSolutionNode = FALSE
	EndGlobalSection
	GlobalSection(ExtensibilityGlobals) = postSolution
		SolutionGuid = {2C7968CF-DDA1-49A4-ACCF-24678F5AA42A}
	EndGlobalSection
EndGlobal
